PODS:
  - SnowplowTracker (6.2.2)

DEPENDENCIES:
  - SnowplowTracker (from `../../../`)

EXTERNAL SOURCES:
  SnowplowTracker:
    :path: "../../../"

SPEC CHECKSUMS:
  SnowplowTracker: bd92a5bd67705ec2a7dc630576c22e13cf6c8b45

PODFILE CHECKSUM: b07ae6b0b106d9cc248bc9fc75f54e82187bffa3

COCOAPODS: 1.16.2
