PODS:
  - SnowplowTracker (6.2.1)

DEPENDENCIES:
  - SnowplowTracker (from `../../../`)

EXTERNAL SOURCES:
  SnowplowTracker:
    :path: "../../../"

SPEC CHECKSUMS:
  SnowplowTracker: 0fa251abb72968d3e95b7ea6e67a22165d19491f

PODFILE CHECKSUM: b07ae6b0b106d9cc248bc9fc75f54e82187bffa3

COCOAPODS: 1.16.2
