PODS:
  - SnowplowTracker (6.2.3)

DEPENDENCIES:
  - SnowplowTracker (from `../../../`)

EXTERNAL SOURCES:
  SnowplowTracker:
    :path: "../../../"

SPEC CHECKSUMS:
  SnowplowTracker: a7f1fe639b225d8a43a77cd11db3ecfc33a3f80b

PODFILE CHECKSUM: b07ae6b0b106d9cc248bc9fc75f54e82187bffa3

COCOAPODS: 1.16.2
