PODS:
  - SnowplowTracker (6.2.2)

DEPENDENCIES:
  - SnowplowTracker (from `../../../`)

EXTERNAL SOURCES:
  SnowplowTracker:
    :path: "../../../"

SPEC CHECKSUMS:
  SnowplowTracker: bd92a5bd67705ec2a7dc630576c22e13cf6c8b45

PODFILE CHECKSUM: 4fa6d34ad86cfb83e73ac07da949dd01722e155a

COCOAPODS: 1.16.2
